
Microsoft Visual Studio Solution File, Format Version 12.00
# Visual Studio Version 17
VisualStudioVersion = 17.3.32901.215
MinimumVisualStudioVersion = 10.0.40219.1
Project("{8BC9CEB8-8B4A-11D0-8D11-00A0C91BC942}") = "image_corrector", "image_corrector\image_corrector.vcxproj", "{9A86FD30-B4A7-4C75-9995-D246EA085C61}"
EndProject
Project("{8BC9CEB8-8B4A-11D0-8D11-00A0C91BC942}") = "test", "test\test.vcxproj", "{3F8827F8-56D1-4F2C-B46B-4F8C692D234D}"
EndProject
Global
	GlobalSection(SolutionConfigurationPlatforms) = preSolution
		Debug|x64 = Debug|x64
		Debug|x86 = Debug|x86
		Release|x64 = Release|x64
		Release|x86 = Release|x86
	EndGlobalSection
	GlobalSection(ProjectConfigurationPlatforms) = postSolution
		{9A86FD30-B4A7-4C75-9995-D246EA085C61}.Debug|x64.ActiveCfg = Debug|x64
		{9A86FD30-B4A7-4C75-9995-D246EA085C61}.Debug|x64.Build.0 = Debug|x64
		{9A86FD30-B4A7-4C75-9995-D246EA085C61}.Debug|x86.ActiveCfg = Debug|Win32
		{9A86FD30-B4A7-4C75-9995-D246EA085C61}.Debug|x86.Build.0 = Debug|Win32
		{9A86FD30-B4A7-4C75-9995-D246EA085C61}.Release|x64.ActiveCfg = Release|x64
		{9A86FD30-B4A7-4C75-9995-D246EA085C61}.Release|x64.Build.0 = Release|x64
		{9A86FD30-B4A7-4C75-9995-D246EA085C61}.Release|x86.ActiveCfg = Release|Win32
		{9A86FD30-B4A7-4C75-9995-D246EA085C61}.Release|x86.Build.0 = Release|Win32
		{3F8827F8-56D1-4F2C-B46B-4F8C692D234D}.Debug|x64.ActiveCfg = Debug|x64
		{3F8827F8-56D1-4F2C-B46B-4F8C692D234D}.Debug|x64.Build.0 = Debug|x64
		{3F8827F8-56D1-4F2C-B46B-4F8C692D234D}.Debug|x86.ActiveCfg = Debug|Win32
		{3F8827F8-56D1-4F2C-B46B-4F8C692D234D}.Debug|x86.Build.0 = Debug|Win32
		{3F8827F8-56D1-4F2C-B46B-4F8C692D234D}.Release|x64.ActiveCfg = Release|x64
		{3F8827F8-56D1-4F2C-B46B-4F8C692D234D}.Release|x64.Build.0 = Release|x64
		{3F8827F8-56D1-4F2C-B46B-4F8C692D234D}.Release|x86.ActiveCfg = Release|Win32
		{3F8827F8-56D1-4F2C-B46B-4F8C692D234D}.Release|x86.Build.0 = Release|Win32
	EndGlobalSection
	GlobalSection(SolutionProperties) = preSolution
		HideSolutionNode = FALSE
	EndGlobalSection
	GlobalSection(ExtensibilityGlobals) = postSolution
		SolutionGuid = {E8A67A50-D13F-4335-903E-94AFEC32E5E2}
	EndGlobalSection
EndGlobal
